
Microsoft Visual Studio Solution File, Format Version 12.00
# Visual Studio Version 16
VisualStudioVersion = 16.0.31729.503
MinimumVisualStudioVersion = 10.0.40219.1
Project("{9A19103F-16F7-4668-BE54-9A1E7A4F7556}") = "WebApp", "WebApp\WebApp.csproj", "{E3B15486-F661-4787-BC3C-AB77E4E75B35}"
EndProject
Project("{9A19103F-16F7-4668-BE54-9A1E7A4F7556}") = "Vavatech.RazorPages.Models", "Vavatech.RazorPages.Models\Vavatech.RazorPages.Models.csproj", "{A05E2FD1-2BAD-4B72-A618-D85DD4D56DDF}"
EndProject
Project("{9A19103F-16F7-4668-BE54-9A1E7A4F7556}") = "Vavatech.RazorPages.IRepositories", "Vavatech.RazorPages.IRepositories\Vavatech.RazorPages.IRepositories.csproj", "{3DF5EA7E-CBF1-4EE4-B73D-263458A220D5}"
EndProject
Project("{9A19103F-16F7-4668-BE54-9A1E7A4F7556}") = "Vavatech.RazorPages.InMemoryRepositories", "Vavatech.RazorPages.InMemoryRepositories\Vavatech.RazorPages.InMemoryRepositories.csproj", "{56D94E36-21BD-4A63-AD30-BFDB6DA23303}"
EndProject
Project("{9A19103F-16F7-4668-BE54-9A1E7A4F7556}") = "Vavatech.RazorPages.FakeRepositories", "Vavatech.RazorPages.FakeRepositories\Vavatech.RazorPages.FakeRepositories.csproj", "{A6DAF23E-10C3-4DCB-A3D0-BBE74825A5DE}"
EndProject
Project("{FAE04EC0-301F-11D3-BF4B-00C04F79EFBC}") = "Vavatech.RazorPages.DbEfRepositories", "Vavatech.RazorPages.DbEfRepositories\Vavatech.RazorPages.DbEfRepositories.csproj", "{D6F9A264-7A2C-4D0E-AB87-76E8D2E380DC}"
EndProject
Global
	GlobalSection(SolutionConfigurationPlatforms) = preSolution
		Debug|Any CPU = Debug|Any CPU
		Release|Any CPU = Release|Any CPU
	EndGlobalSection
	GlobalSection(ProjectConfigurationPlatforms) = postSolution
		{E3B15486-F661-4787-BC3C-AB77E4E75B35}.Debug|Any CPU.ActiveCfg = Debug|Any CPU
		{E3B15486-F661-4787-BC3C-AB77E4E75B35}.Debug|Any CPU.Build.0 = Debug|Any CPU
		{E3B15486-F661-4787-BC3C-AB77E4E75B35}.Release|Any CPU.ActiveCfg = Release|Any CPU
		{E3B15486-F661-4787-BC3C-AB77E4E75B35}.Release|Any CPU.Build.0 = Release|Any CPU
		{A05E2FD1-2BAD-4B72-A618-D85DD4D56DDF}.Debug|Any CPU.ActiveCfg = Debug|Any CPU
		{A05E2FD1-2BAD-4B72-A618-D85DD4D56DDF}.Debug|Any CPU.Build.0 = Debug|Any CPU
		{A05E2FD1-2BAD-4B72-A618-D85DD4D56DDF}.Release|Any CPU.ActiveCfg = Release|Any CPU
		{A05E2FD1-2BAD-4B72-A618-D85DD4D56DDF}.Release|Any CPU.Build.0 = Release|Any CPU
		{3DF5EA7E-CBF1-4EE4-B73D-263458A220D5}.Debug|Any CPU.ActiveCfg = Debug|Any CPU
		{3DF5EA7E-CBF1-4EE4-B73D-263458A220D5}.Debug|Any CPU.Build.0 = Debug|Any CPU
		{3DF5EA7E-CBF1-4EE4-B73D-263458A220D5}.Release|Any CPU.ActiveCfg = Release|Any CPU
		{3DF5EA7E-CBF1-4EE4-B73D-263458A220D5}.Release|Any CPU.Build.0 = Release|Any CPU
		{56D94E36-21BD-4A63-AD30-BFDB6DA23303}.Debug|Any CPU.ActiveCfg = Debug|Any CPU
		{56D94E36-21BD-4A63-AD30-BFDB6DA23303}.Debug|Any CPU.Build.0 = Debug|Any CPU
		{56D94E36-21BD-4A63-AD30-BFDB6DA23303}.Release|Any CPU.ActiveCfg = Release|Any CPU
		{56D94E36-21BD-4A63-AD30-BFDB6DA23303}.Release|Any CPU.Build.0 = Release|Any CPU
		{A6DAF23E-10C3-4DCB-A3D0-BBE74825A5DE}.Debug|Any CPU.ActiveCfg = Debug|Any CPU
		{A6DAF23E-10C3-4DCB-A3D0-BBE74825A5DE}.Debug|Any CPU.Build.0 = Debug|Any CPU
		{A6DAF23E-10C3-4DCB-A3D0-BBE74825A5DE}.Release|Any CPU.ActiveCfg = Release|Any CPU
		{A6DAF23E-10C3-4DCB-A3D0-BBE74825A5DE}.Release|Any CPU.Build.0 = Release|Any CPU
		{D6F9A264-7A2C-4D0E-AB87-76E8D2E380DC}.Debug|Any CPU.ActiveCfg = Debug|Any CPU
		{D6F9A264-7A2C-4D0E-AB87-76E8D2E380DC}.Debug|Any CPU.Build.0 = Debug|Any CPU
		{D6F9A264-7A2C-4D0E-AB87-76E8D2E380DC}.Release|Any CPU.ActiveCfg = Release|Any CPU
		{D6F9A264-7A2C-4D0E-AB87-76E8D2E380DC}.Release|Any CPU.Build.0 = Release|Any CPU
	EndGlobalSection
	GlobalSection(SolutionProperties) = preSolution
		HideSolutionNode = FALSE
	EndGlobalSection
	GlobalSection(ExtensibilityGlobals) = postSolution
		SolutionGuid = {02D35DB6-1974-4DBD-BDE7-75ADD10FF79D}
	EndGlobalSection
EndGlobal
